Microsoft Visual Studio Solution File, Format Version 12.00
# Visual Studio Version 17
VisualStudioVersion = 17.9.34622.214
MinimumVisualStudioVersion = 10.0.40219.1
Project("{FAE04EC0-301F-11D3-BF4B-00C04F79EFBC}") = "Etherum Balance Checker", "Etherum Balance Checker\Etherum Balance Checker.csproj", "{04D9E2D6-59F7-4451-803C-C028B0178E24}"
EndProject
Global
	GlobalSection(SolutionConfigurationPlatforms) = preSolution
		Debug|Any CPU = Debug|Any CPU
		Release|Any CPU = Release|Any CPU
	EndGlobalSection
	GlobalSection(ProjectConfigurationPlatforms) = postSolution
		{04D9E2D6-59F7-4451-803C-C028B0178E24}.Debug|Any CPU.ActiveCfg = Debug|Any CPU
		{04D9E2D6-59F7-4451-803C-C028B0178E24}.Debug|Any CPU.Build.0 = Debug|Any CPU
		{04D9E2D6-59F7-4451-803C-C028B0178E24}.Release|Any CPU.ActiveCfg = Release|Any CPU
		{04D9E2D6-59F7-4451-803C-C028B0178E24}.Release|Any CPU.Build.0 = Release|Any CPU
	EndGlobalSection
	GlobalSection(SolutionProperties) = preSolution
		HideSolutionNode = FALSE
	EndGlobalSection
	GlobalSection(ExtensibilityGlobals) = postSolution
		SolutionGuid = {273F316B-E70A-467D-8F96-E5F9A2DBEB92}
	EndGlobalSection
EndGlobal
